
Microsoft Visual Studio Solution File, Format Version 12.00
# Visual Studio Version 17
VisualStudioVersion = 17.3.32819.101
MinimumVisualStudioVersion = 10.0.40219.1
Project("{FAE04EC0-301F-11D3-BF4B-00C04F79EFBC}") = "L14_EBEAM_1200922", "L14_EBEAM_1200922.csproj", "{0AB7EBDA-CC7D-475E-A9C5-CCC28845FC8A}"
EndProject
Global
	GlobalSection(SolutionConfigurationPlatforms) = preSolution
		Debug|Any CPU = Debug|Any CPU
		Release|Any CPU = Release|Any CPU
	EndGlobalSection
	GlobalSection(ProjectConfigurationPlatforms) = postSolution
		{0AB7EBDA-CC7D-475E-A9C5-CCC28845FC8A}.Debug|Any CPU.ActiveCfg = Debug|Any CPU
		{0AB7EBDA-CC7D-475E-A9C5-CCC28845FC8A}.Debug|Any CPU.Build.0 = Debug|Any CPU
		{0AB7EBDA-CC7D-475E-A9C5-CCC28845FC8A}.Release|Any CPU.ActiveCfg = Release|Any CPU
		{0AB7EBDA-CC7D-475E-A9C5-CCC28845FC8A}.Release|Any CPU.Build.0 = Release|Any CPU
	EndGlobalSection
	GlobalSection(SolutionProperties) = preSolution
		HideSolutionNode = FALSE
	EndGlobalSection
	GlobalSection(ExtensibilityGlobals) = postSolution
		SolutionGuid = {6D0758AF-A6FD-4B3A-A8E0-4AD055553ABC}
	EndGlobalSection
EndGlobal
